
Microsoft Visual Studio Solution File, Format Version 12.00
# Visual Studio Version 17
VisualStudioVersion = 17.13.35913.81
MinimumVisualStudioVersion = 10.0.40219.1
Project("{2150E333-8FDC-42A3-9474-1A3956D46DE8}") = "Services", "Services", "{02EA681E-C7D8-13C7-8484-4AC65E1B71E8}"
EndProject
Project("{2150E333-8FDC-42A3-9474-1A3956D46DE8}") = "Catalog", "Catalog", "{C87B5216-A346-4999-BBE2-36D196A6AEA8}"
EndProject
Project("{FAE04EC0-301F-11D3-BF4B-00C04F79EFBC}") = "Catalog.API", "Services\Catalog\Catalog.API\Catalog.API.csproj", "{6BAA0222-D1CA-4BCF-A0B1-3C7B83553E58}"
EndProject
Project("{2150E333-8FDC-42A3-9474-1A3956D46DE8}") = "BuildingBlocks", "BuildingBlocks", "{66AF1664-5CA9-4882-8FAD-4DC72EA0F407}"
EndProject
Project("{FAE04EC0-301F-11D3-BF4B-00C04F79EFBC}") = "BuildingBlocks", "BuildingBlocks\BuildingBlocks\BuildingBlocks.csproj", "{8292C264-A527-4A95-8ED9-C64A3387F7B3}"
EndProject
Project("{E53339B2-1760-4266-BCC7-CA923CBCF16C}") = "docker-compose", "docker-compose.dcproj", "{81DDED9D-158B-E303-5F62-77A2896D2A5A}"
EndProject
Project("{2150E333-8FDC-42A3-9474-1A3956D46DE8}") = "Basket", "Basket", "{313B8225-9E87-46DC-B0E0-F6D20F8DEAA1}"
EndProject
Project("{FAE04EC0-301F-11D3-BF4B-00C04F79EFBC}") = "Basket.API", "Services\Basket\Basket.API\Basket.API.csproj", "{2D38E640-0FEA-4955-97F4-684093EAF64D}"
EndProject
Project("{2150E333-8FDC-42A3-9474-1A3956D46DE8}") = "Discount", "Discount", "{84F083E9-0585-4E2D-93AA-E952659E03A7}"
EndProject
Project("{FAE04EC0-301F-11D3-BF4B-00C04F79EFBC}") = "Discount.gRPC", "Services\Discount\Discount.GRPc\Discount.gRPC.csproj", "{784F3F3D-FAC9-447A-BE4B-B68615402F23}"
EndProject
Project("{2150E333-8FDC-42A3-9474-1A3956D46DE8}") = "Ordering", "Ordering", "{ED7095CD-E7D8-4BE5-BB74-4F26D0E7E017}"
EndProject
Project("{FAE04EC0-301F-11D3-BF4B-00C04F79EFBC}") = "Ordering.API", "Services\Ordering\Ordering.API\Ordering.API.csproj", "{8E706166-C092-4E33-B740-A6A01926423D}"
EndProject
Project("{FAE04EC0-301F-11D3-BF4B-00C04F79EFBC}") = "Ordering.Domain", "Services\Ordering\Ordering.Domain\Ordering.Domain.csproj", "{4B62E1D7-A758-4CFF-9500-05EC06A95888}"
EndProject
Project("{FAE04EC0-301F-11D3-BF4B-00C04F79EFBC}") = "Ordering.Application", "Services\Ordering\Ordering.Application\Ordering.Application.csproj", "{AAFDA8E5-1501-4CCB-8800-8CB2E8905A5C}"
EndProject
Project("{FAE04EC0-301F-11D3-BF4B-00C04F79EFBC}") = "Ordering.Infrastructure", "Services\Ordering\Ordering.Infrastructure\Ordering.Infrastructure.csproj", "{A1116880-1172-4306-B69B-BBB689076090}"
EndProject
Global
	GlobalSection(SolutionConfigurationPlatforms) = preSolution
		Debug|Any CPU = Debug|Any CPU
		Release|Any CPU = Release|Any CPU
	EndGlobalSection
	GlobalSection(ProjectConfigurationPlatforms) = postSolution
		{6BAA0222-D1CA-4BCF-A0B1-3C7B83553E58}.Debug|Any CPU.ActiveCfg = Debug|Any CPU
		{6BAA0222-D1CA-4BCF-A0B1-3C7B83553E58}.Debug|Any CPU.Build.0 = Debug|Any CPU
		{6BAA0222-D1CA-4BCF-A0B1-3C7B83553E58}.Release|Any CPU.ActiveCfg = Release|Any CPU
		{6BAA0222-D1CA-4BCF-A0B1-3C7B83553E58}.Release|Any CPU.Build.0 = Release|Any CPU
		{8292C264-A527-4A95-8ED9-C64A3387F7B3}.Debug|Any CPU.ActiveCfg = Debug|Any CPU
		{8292C264-A527-4A95-8ED9-C64A3387F7B3}.Debug|Any CPU.Build.0 = Debug|Any CPU
		{8292C264-A527-4A95-8ED9-C64A3387F7B3}.Release|Any CPU.ActiveCfg = Release|Any CPU
		{8292C264-A527-4A95-8ED9-C64A3387F7B3}.Release|Any CPU.Build.0 = Release|Any CPU
		{81DDED9D-158B-E303-5F62-77A2896D2A5A}.Debug|Any CPU.ActiveCfg = Debug|Any CPU
		{81DDED9D-158B-E303-5F62-77A2896D2A5A}.Debug|Any CPU.Build.0 = Debug|Any CPU
		{81DDED9D-158B-E303-5F62-77A2896D2A5A}.Release|Any CPU.ActiveCfg = Release|Any CPU
		{81DDED9D-158B-E303-5F62-77A2896D2A5A}.Release|Any CPU.Build.0 = Release|Any CPU
		{2D38E640-0FEA-4955-97F4-684093EAF64D}.Debug|Any CPU.ActiveCfg = Debug|Any CPU
		{2D38E640-0FEA-4955-97F4-684093EAF64D}.Debug|Any CPU.Build.0 = Debug|Any CPU
		{2D38E640-0FEA-4955-97F4-684093EAF64D}.Release|Any CPU.ActiveCfg = Release|Any CPU
		{2D38E640-0FEA-4955-97F4-684093EAF64D}.Release|Any CPU.Build.0 = Release|Any CPU
		{784F3F3D-FAC9-447A-BE4B-B68615402F23}.Debug|Any CPU.ActiveCfg = Debug|Any CPU
		{784F3F3D-FAC9-447A-BE4B-B68615402F23}.Debug|Any CPU.Build.0 = Debug|Any CPU
		{784F3F3D-FAC9-447A-BE4B-B68615402F23}.Release|Any CPU.ActiveCfg = Release|Any CPU
		{784F3F3D-FAC9-447A-BE4B-B68615402F23}.Release|Any CPU.Build.0 = Release|Any CPU
		{8E706166-C092-4E33-B740-A6A01926423D}.Debug|Any CPU.ActiveCfg = Debug|Any CPU
		{8E706166-C092-4E33-B740-A6A01926423D}.Debug|Any CPU.Build.0 = Debug|Any CPU
		{8E706166-C092-4E33-B740-A6A01926423D}.Release|Any CPU.ActiveCfg = Release|Any CPU
		{8E706166-C092-4E33-B740-A6A01926423D}.Release|Any CPU.Build.0 = Release|Any CPU
		{4B62E1D7-A758-4CFF-9500-05EC06A95888}.Debug|Any CPU.ActiveCfg = Debug|Any CPU
		{4B62E1D7-A758-4CFF-9500-05EC06A95888}.Debug|Any CPU.Build.0 = Debug|Any CPU
		{4B62E1D7-A758-4CFF-9500-05EC06A95888}.Release|Any CPU.ActiveCfg = Release|Any CPU
		{4B62E1D7-A758-4CFF-9500-05EC06A95888}.Release|Any CPU.Build.0 = Release|Any CPU
		{AAFDA8E5-1501-4CCB-8800-8CB2E8905A5C}.Debug|Any CPU.ActiveCfg = Debug|Any CPU
		{AAFDA8E5-1501-4CCB-8800-8CB2E8905A5C}.Debug|Any CPU.Build.0 = Debug|Any CPU
		{AAFDA8E5-1501-4CCB-8800-8CB2E8905A5C}.Release|Any CPU.ActiveCfg = Release|Any CPU
		{AAFDA8E5-1501-4CCB-8800-8CB2E8905A5C}.Release|Any CPU.Build.0 = Release|Any CPU
		{A1116880-1172-4306-B69B-BBB689076090}.Debug|Any CPU.ActiveCfg = Debug|Any CPU
		{A1116880-1172-4306-B69B-BBB689076090}.Debug|Any CPU.Build.0 = Debug|Any CPU
		{A1116880-1172-4306-B69B-BBB689076090}.Release|Any CPU.ActiveCfg = Release|Any CPU
		{A1116880-1172-4306-B69B-BBB689076090}.Release|Any CPU.Build.0 = Release|Any CPU
	EndGlobalSection
	GlobalSection(SolutionProperties) = preSolution
		HideSolutionNode = FALSE
	EndGlobalSection
	GlobalSection(NestedProjects) = preSolution
		{C87B5216-A346-4999-BBE2-36D196A6AEA8} = {02EA681E-C7D8-13C7-8484-4AC65E1B71E8}
		{6BAA0222-D1CA-4BCF-A0B1-3C7B83553E58} = {C87B5216-A346-4999-BBE2-36D196A6AEA8}
		{8292C264-A527-4A95-8ED9-C64A3387F7B3} = {66AF1664-5CA9-4882-8FAD-4DC72EA0F407}
		{313B8225-9E87-46DC-B0E0-F6D20F8DEAA1} = {02EA681E-C7D8-13C7-8484-4AC65E1B71E8}
		{2D38E640-0FEA-4955-97F4-684093EAF64D} = {313B8225-9E87-46DC-B0E0-F6D20F8DEAA1}
		{84F083E9-0585-4E2D-93AA-E952659E03A7} = {02EA681E-C7D8-13C7-8484-4AC65E1B71E8}
		{784F3F3D-FAC9-447A-BE4B-B68615402F23} = {84F083E9-0585-4E2D-93AA-E952659E03A7}
		{ED7095CD-E7D8-4BE5-BB74-4F26D0E7E017} = {02EA681E-C7D8-13C7-8484-4AC65E1B71E8}
		{8E706166-C092-4E33-B740-A6A01926423D} = {ED7095CD-E7D8-4BE5-BB74-4F26D0E7E017}
		{4B62E1D7-A758-4CFF-9500-05EC06A95888} = {ED7095CD-E7D8-4BE5-BB74-4F26D0E7E017}
		{AAFDA8E5-1501-4CCB-8800-8CB2E8905A5C} = {ED7095CD-E7D8-4BE5-BB74-4F26D0E7E017}
		{A1116880-1172-4306-B69B-BBB689076090} = {ED7095CD-E7D8-4BE5-BB74-4F26D0E7E017}
	EndGlobalSection
	GlobalSection(ExtensibilityGlobals) = postSolution
		SolutionGuid = {4DC0697E-6DDB-4E99-8BE3-19FFDD35F551}
	EndGlobalSection
EndGlobal
